github.com/gomarkdown/markdown v0.0.0-20250207164621-7a1f277a159e h1:ESHlT0RVZphh4JGBz49I5R6nTdC8Qyc08vU25GQHzzQ=
github.com/gomarkdown/markdown v0.0.0-20250207164621-7a1f277a159e/go.mod h1:JDGcbDT52eL4fju3sZ4TeHGsQwhG9nbDV21aMyhwPoA=
github.com/gorilla/mux v1.8.1 h1:TuBL49tXwgrFYWhqrNgrUNEY92u81SPhu7sTdzQEiWY=
github.com/gorilla/mux v1.8.1/go.mod h1:AKf9I4AEqPTmMytcMc0KkNouC66V3BtZ4qD5fmWSiMQ=
